
Microsoft Visual Studio Solution File, Format Version 12.00
# Visual Studio Version 17
VisualStudioVersion = 17.13.35828.75 d17.13
MinimumVisualStudioVersion = 10.0.40219.1
Project("{FAE04EC0-301F-11D3-BF4B-00C04F79EFBC}") = "Ecomm19032025", "Ecomm19032025\Ecomm19032025.csproj", "{70B6D1B8-A518-4878-9D96-2C0C5C6BA60C}"
EndProject
Global
	GlobalSection(SolutionConfigurationPlatforms) = preSolution
		Debug|Any CPU = Debug|Any CPU
		Release|Any CPU = Release|Any CPU
	EndGlobalSection
	GlobalSection(ProjectConfigurationPlatforms) = postSolution
		{70B6D1B8-A518-4878-9D96-2C0C5C6BA60C}.Debug|Any CPU.ActiveCfg = Debug|Any CPU
		{70B6D1B8-A518-4878-9D96-2C0C5C6BA60C}.Debug|Any CPU.Build.0 = Debug|Any CPU
		{70B6D1B8-A518-4878-9D96-2C0C5C6BA60C}.Release|Any CPU.ActiveCfg = Release|Any CPU
		{70B6D1B8-A518-4878-9D96-2C0C5C6BA60C}.Release|Any CPU.Build.0 = Release|Any CPU
	EndGlobalSection
	GlobalSection(SolutionProperties) = preSolution
		HideSolutionNode = FALSE
	EndGlobalSection
	GlobalSection(ExtensibilityGlobals) = postSolution
		SolutionGuid = {CC2D8DE3-C8D3-4993-9974-6FBD66975FD7}
	EndGlobalSection
EndGlobal
